
Microsoft Visual Studio Solution File, Format Version 12.00
# Visual Studio Version 17
VisualStudioVersion = 17.0.31912.275
MinimumVisualStudioVersion = 10.0.40219.1
Project("{2150E333-8FDC-42A3-9474-1A3956D46DE8}") = "extras", "extras", "{4F4C7E64-520A-40BD-BA0A-D8FD92874046}"
	ProjectSection(SolutionItems) = preProject
		extras\dbgintrptest.il = extras\dbgintrptest.il
		extras\dnSpy.Debugger.DotNet.Interpreter.Tests.dll = extras\dnSpy.Debugger.DotNet.Interpreter.Tests.dll
	EndProjectSection
EndProject
Project("{9A19103F-16F7-4668-BE54-9A1E7A4F7556}") = "Examples", "Examples\Examples.csproj", "{6A4FF09A-CEE6-481F-A208-F24470A9CC91}"
EndProject
Project("{9A19103F-16F7-4668-BE54-9A1E7A4F7556}") = "dnWalker.Z3", "dnWalker.Z3\dnWalker.Z3.csproj", "{94F59759-127E-42F3-B88F-A0540F988D1E}"
EndProject
Project("{2150E333-8FDC-42A3-9474-1A3956D46DE8}") = "Solution Items", "Solution Items", "{093FB469-E98C-45FA-913E-4E2A68E14556}"
	ProjectSection(SolutionItems) = preProject
		.editorconfig = .editorconfig
		build-examples.bat = build-examples.bat
	EndProjectSection
EndProject
Project("{9A19103F-16F7-4668-BE54-9A1E7A4F7556}") = "dnWalker", "dnWalker\dnWalker.csproj", "{9B77A96E-26C0-48CD-8E26-9EA2F9306B3E}"
EndProject
Project("{2150E333-8FDC-42A3-9474-1A3956D46DE8}") = "src", "src", "{C81C24DD-5F21-4DCA-AFA5-813DBE35596B}"
EndProject
Project("{2150E333-8FDC-42A3-9474-1A3956D46DE8}") = "tests", "tests", "{87618C01-3EA1-4642-885D-D2D3588CF78A}"
EndProject
Project("{9A19103F-16F7-4668-BE54-9A1E7A4F7556}") = "dnWalker.TypeSystem", "dnWalker.TypeSystem\dnWalker.TypeSystem.csproj", "{BF990908-5533-4E37-8505-907C9F3ED22A}"
EndProject
Project("{9A19103F-16F7-4668-BE54-9A1E7A4F7556}") = "dnWalker.TypeSystem.Tests", "dnWalker.TypeSystem.Tests\dnWalker.TypeSystem.Tests.csproj", "{5738F603-B961-4E50-B187-1C065D5321E8}"
EndProject
Project("{9A19103F-16F7-4668-BE54-9A1E7A4F7556}") = "dnWalker.Explorations", "dnWalker.Explorations\dnWalker.Explorations.csproj", "{4AC443D1-3590-4383-A86D-1A5674F0E242}"
EndProject
Project("{9A19103F-16F7-4668-BE54-9A1E7A4F7556}") = "dnWalker.Explorations.Tests", "dnWalker.Explorations.Tests\dnWalker.Explorations.Tests.csproj", "{686ACE95-902A-464B-B3CA-64D6543B2065}"
EndProject
Project("{9A19103F-16F7-4668-BE54-9A1E7A4F7556}") = "dnWalker.Z3.Tests", "dnWalker.Z3.Tests\dnWalker.Z3.Tests.csproj", "{17C5F101-8787-4520-98A3-B4BC46AF2EAD}"
EndProject
Project("{9A19103F-16F7-4668-BE54-9A1E7A4F7556}") = "dnWalker.Symbolic", "dnWalker.Symbolic\dnWalker.Symbolic.csproj", "{B44B91B7-B669-4397-9798-BC5BFDBA6117}"
EndProject
Project("{9A19103F-16F7-4668-BE54-9A1E7A4F7556}") = "dnWalker.Symbolic.Tests", "dnWalker.Symbolic.Tests\dnWalker.Symbolic.Tests.csproj", "{B6ED70A9-4D3F-41C5-A6AC-E86C54ECC68C}"
EndProject
Project("{9A19103F-16F7-4668-BE54-9A1E7A4F7556}") = "dnWalker.Tests", "dnWalker.Tests\dnWalker.Tests.csproj", "{D1D224AB-A5D2-4311-B1FD-AB3333E24CC2}"
EndProject
Project("{9A19103F-16F7-4668-BE54-9A1E7A4F7556}") = "dnWalker.Tests.Interpreter", "dnWalker.Tests.Interpreter\dnWalker.Tests.Interpreter.csproj", "{7638742D-2A23-4754-9625-A07913E9D670}"
EndProject
Project("{9A19103F-16F7-4668-BE54-9A1E7A4F7556}") = "dnWalker.Tests.Examples", "dnWalker.Tests.Examples\dnWalker.Tests.Examples.csproj", "{64AF8187-3BC6-47DC-9FBD-FB48FD760D2A}"
	ProjectSection(ProjectDependencies) = postProject
		{6A4FF09A-CEE6-481F-A208-F24470A9CC91} = {6A4FF09A-CEE6-481F-A208-F24470A9CC91}
	EndProjectSection
EndProject
Project("{9A19103F-16F7-4668-BE54-9A1E7A4F7556}") = "dnlib", "..\..\Development\dnlib\src\dnlib.csproj", "{BAB26A14-907E-434E-A845-D7BF6C7A1874}"
EndProject
Project("{9A19103F-16F7-4668-BE54-9A1E7A4F7556}") = "dnWalker.Configuration", "dnWalker.Configuration\dnWalker.Configuration.csproj", "{52F18630-9FD9-4B29-B96C-6A48673F64B6}"
EndProject
Project("{9A19103F-16F7-4668-BE54-9A1E7A4F7556}") = "dnWalker.TestWriter", "dnWalker.TestWriter\dnWalker.TestWriter.csproj", "{AD8DC6E7-5C47-4FD1-BEE2-3562C410EF8D}"
EndProject
Project("{9A19103F-16F7-4668-BE54-9A1E7A4F7556}") = "dnWalker.TestWriter.Tests", "dnWalker.TestWriter.Tests\dnWalker.TestWriter.Tests.csproj", "{F8DB9035-4B9C-40F0-8106-8F54AE4676D5}"
EndProject
Project("{9A19103F-16F7-4668-BE54-9A1E7A4F7556}") = "dnWalker.TestWriter.Xunit", "dnWalker.TestWriter.Xunit\dnWalker.TestWriter.Xunit.csproj", "{0346447D-99C5-419F-B6F1-E743DBB0C709}"
EndProject
Project("{FAE04EC0-301F-11D3-BF4B-00C04F79EFBC}") = "dnWalker.TestWriter.Moq", "dnWalker.TestWriter.Moq\dnWalker.TestWriter.Moq.csproj", "{E7623543-9F30-431E-A8D4-5AFC2F3B68BA}"
EndProject
Project("{FAE04EC0-301F-11D3-BF4B-00C04F79EFBC}") = "dnWalker.TestWriter.Moq.Tests", "dnWalker.TestWriter.Moq.Tests\dnWalker.TestWriter.Moq.Tests.csproj", "{1A4F495A-B9A2-4280-AE20-8DB683B80EB9}"
EndProject
Project("{FAE04EC0-301F-11D3-BF4B-00C04F79EFBC}") = "dnWalker.TestUtils", "dnWalker.TestUtils\dnWalker.TestUtils.csproj", "{98036666-DE07-4566-AD7C-D970EBFBFB7E}"
EndProject
Global
	GlobalSection(SolutionConfigurationPlatforms) = preSolution
		Debug|Any CPU = Debug|Any CPU
		Debug|x64 = Debug|x64
		Debug|x86 = Debug|x86
		Release|Any CPU = Release|Any CPU
		Release|x64 = Release|x64
		Release|x86 = Release|x86
	EndGlobalSection
	GlobalSection(ProjectConfigurationPlatforms) = postSolution
		{6A4FF09A-CEE6-481F-A208-F24470A9CC91}.Debug|Any CPU.ActiveCfg = Debug|Any CPU
		{6A4FF09A-CEE6-481F-A208-F24470A9CC91}.Debug|Any CPU.Build.0 = Debug|Any CPU
		{6A4FF09A-CEE6-481F-A208-F24470A9CC91}.Debug|x64.ActiveCfg = Debug|Any CPU
		{6A4FF09A-CEE6-481F-A208-F24470A9CC91}.Debug|x64.Build.0 = Debug|Any CPU
		{6A4FF09A-CEE6-481F-A208-F24470A9CC91}.Debug|x86.ActiveCfg = Debug|Any CPU
		{6A4FF09A-CEE6-481F-A208-F24470A9CC91}.Debug|x86.Build.0 = Debug|Any CPU
		{6A4FF09A-CEE6-481F-A208-F24470A9CC91}.Release|Any CPU.ActiveCfg = Release|Any CPU
		{6A4FF09A-CEE6-481F-A208-F24470A9CC91}.Release|Any CPU.Build.0 = Release|Any CPU
		{6A4FF09A-CEE6-481F-A208-F24470A9CC91}.Release|x64.ActiveCfg = Release|x64
		{6A4FF09A-CEE6-481F-A208-F24470A9CC91}.Release|x64.Build.0 = Release|x64
		{6A4FF09A-CEE6-481F-A208-F24470A9CC91}.Release|x86.ActiveCfg = Release|Any CPU
		{6A4FF09A-CEE6-481F-A208-F24470A9CC91}.Release|x86.Build.0 = Release|Any CPU
		{94F59759-127E-42F3-B88F-A0540F988D1E}.Debug|Any CPU.ActiveCfg = Debug|Any CPU
		{94F59759-127E-42F3-B88F-A0540F988D1E}.Debug|Any CPU.Build.0 = Debug|Any CPU
		{94F59759-127E-42F3-B88F-A0540F988D1E}.Debug|x64.ActiveCfg = Debug|Any CPU
		{94F59759-127E-42F3-B88F-A0540F988D1E}.Debug|x64.Build.0 = Debug|Any CPU
		{94F59759-127E-42F3-B88F-A0540F988D1E}.Debug|x86.ActiveCfg = Debug|Any CPU
		{94F59759-127E-42F3-B88F-A0540F988D1E}.Debug|x86.Build.0 = Debug|Any CPU
		{94F59759-127E-42F3-B88F-A0540F988D1E}.Release|Any CPU.ActiveCfg = Release|Any CPU
		{94F59759-127E-42F3-B88F-A0540F988D1E}.Release|Any CPU.Build.0 = Release|Any CPU
		{94F59759-127E-42F3-B88F-A0540F988D1E}.Release|x64.ActiveCfg = Release|Any CPU
		{94F59759-127E-42F3-B88F-A0540F988D1E}.Release|x64.Build.0 = Release|Any CPU
		{94F59759-127E-42F3-B88F-A0540F988D1E}.Release|x86.ActiveCfg = Release|Any CPU
		{94F59759-127E-42F3-B88F-A0540F988D1E}.Release|x86.Build.0 = Release|Any CPU
		{9B77A96E-26C0-48CD-8E26-9EA2F9306B3E}.Debug|Any CPU.ActiveCfg = Debug|Any CPU
		{9B77A96E-26C0-48CD-8E26-9EA2F9306B3E}.Debug|Any CPU.Build.0 = Debug|Any CPU
		{9B77A96E-26C0-48CD-8E26-9EA2F9306B3E}.Debug|x64.ActiveCfg = Debug|Any CPU
		{9B77A96E-26C0-48CD-8E26-9EA2F9306B3E}.Debug|x64.Build.0 = Debug|Any CPU
		{9B77A96E-26C0-48CD-8E26-9EA2F9306B3E}.Debug|x86.ActiveCfg = Debug|Any CPU
		{9B77A96E-26C0-48CD-8E26-9EA2F9306B3E}.Debug|x86.Build.0 = Debug|Any CPU
		{9B77A96E-26C0-48CD-8E26-9EA2F9306B3E}.Release|Any CPU.ActiveCfg = Release|Any CPU
		{9B77A96E-26C0-48CD-8E26-9EA2F9306B3E}.Release|Any CPU.Build.0 = Release|Any CPU
		{9B77A96E-26C0-48CD-8E26-9EA2F9306B3E}.Release|x64.ActiveCfg = Release|Any CPU
		{9B77A96E-26C0-48CD-8E26-9EA2F9306B3E}.Release|x64.Build.0 = Release|Any CPU
		{9B77A96E-26C0-48CD-8E26-9EA2F9306B3E}.Release|x86.ActiveCfg = Release|Any CPU
		{9B77A96E-26C0-48CD-8E26-9EA2F9306B3E}.Release|x86.Build.0 = Release|Any CPU
		{BF990908-5533-4E37-8505-907C9F3ED22A}.Debug|Any CPU.ActiveCfg = Debug|Any CPU
		{BF990908-5533-4E37-8505-907C9F3ED22A}.Debug|Any CPU.Build.0 = Debug|Any CPU
		{BF990908-5533-4E37-8505-907C9F3ED22A}.Debug|x64.ActiveCfg = Debug|Any CPU
		{BF990908-5533-4E37-8505-907C9F3ED22A}.Debug|x64.Build.0 = Debug|Any CPU
		{BF990908-5533-4E37-8505-907C9F3ED22A}.Debug|x86.ActiveCfg = Debug|Any CPU
		{BF990908-5533-4E37-8505-907C9F3ED22A}.Debug|x86.Build.0 = Debug|Any CPU
		{BF990908-5533-4E37-8505-907C9F3ED22A}.Release|Any CPU.ActiveCfg = Release|Any CPU
		{BF990908-5533-4E37-8505-907C9F3ED22A}.Release|Any CPU.Build.0 = Release|Any CPU
		{BF990908-5533-4E37-8505-907C9F3ED22A}.Release|x64.ActiveCfg = Release|Any CPU
		{BF990908-5533-4E37-8505-907C9F3ED22A}.Release|x64.Build.0 = Release|Any CPU
		{BF990908-5533-4E37-8505-907C9F3ED22A}.Release|x86.ActiveCfg = Release|Any CPU
		{BF990908-5533-4E37-8505-907C9F3ED22A}.Release|x86.Build.0 = Release|Any CPU
		{5738F603-B961-4E50-B187-1C065D5321E8}.Debug|Any CPU.ActiveCfg = Debug|Any CPU
		{5738F603-B961-4E50-B187-1C065D5321E8}.Debug|Any CPU.Build.0 = Debug|Any CPU
		{5738F603-B961-4E50-B187-1C065D5321E8}.Debug|x64.ActiveCfg = Debug|Any CPU
		{5738F603-B961-4E50-B187-1C065D5321E8}.Debug|x64.Build.0 = Debug|Any CPU
		{5738F603-B961-4E50-B187-1C065D5321E8}.Debug|x86.ActiveCfg = Debug|Any CPU
		{5738F603-B961-4E50-B187-1C065D5321E8}.Debug|x86.Build.0 = Debug|Any CPU
		{5738F603-B961-4E50-B187-1C065D5321E8}.Release|Any CPU.ActiveCfg = Release|Any CPU
		{5738F603-B961-4E50-B187-1C065D5321E8}.Release|Any CPU.Build.0 = Release|Any CPU
		{5738F603-B961-4E50-B187-1C065D5321E8}.Release|x64.ActiveCfg = Release|Any CPU
		{5738F603-B961-4E50-B187-1C065D5321E8}.Release|x64.Build.0 = Release|Any CPU
		{5738F603-B961-4E50-B187-1C065D5321E8}.Release|x86.ActiveCfg = Release|Any CPU
		{5738F603-B961-4E50-B187-1C065D5321E8}.Release|x86.Build.0 = Release|Any CPU
		{4AC443D1-3590-4383-A86D-1A5674F0E242}.Debug|Any CPU.ActiveCfg = Debug|Any CPU
		{4AC443D1-3590-4383-A86D-1A5674F0E242}.Debug|Any CPU.Build.0 = Debug|Any CPU
		{4AC443D1-3590-4383-A86D-1A5674F0E242}.Debug|x64.ActiveCfg = Debug|Any CPU
		{4AC443D1-3590-4383-A86D-1A5674F0E242}.Debug|x64.Build.0 = Debug|Any CPU
		{4AC443D1-3590-4383-A86D-1A5674F0E242}.Debug|x86.ActiveCfg = Debug|Any CPU
		{4AC443D1-3590-4383-A86D-1A5674F0E242}.Debug|x86.Build.0 = Debug|Any CPU
		{4AC443D1-3590-4383-A86D-1A5674F0E242}.Release|Any CPU.ActiveCfg = Release|Any CPU
		{4AC443D1-3590-4383-A86D-1A5674F0E242}.Release|Any CPU.Build.0 = Release|Any CPU
		{4AC443D1-3590-4383-A86D-1A5674F0E242}.Release|x64.ActiveCfg = Release|Any CPU
		{4AC443D1-3590-4383-A86D-1A5674F0E242}.Release|x64.Build.0 = Release|Any CPU
		{4AC443D1-3590-4383-A86D-1A5674F0E242}.Release|x86.ActiveCfg = Release|Any CPU
		{4AC443D1-3590-4383-A86D-1A5674F0E242}.Release|x86.Build.0 = Release|Any CPU
		{686ACE95-902A-464B-B3CA-64D6543B2065}.Debug|Any CPU.ActiveCfg = Debug|Any CPU
		{686ACE95-902A-464B-B3CA-64D6543B2065}.Debug|Any CPU.Build.0 = Debug|Any CPU
		{686ACE95-902A-464B-B3CA-64D6543B2065}.Debug|x64.ActiveCfg = Debug|Any CPU
		{686ACE95-902A-464B-B3CA-64D6543B2065}.Debug|x64.Build.0 = Debug|Any CPU
		{686ACE95-902A-464B-B3CA-64D6543B2065}.Debug|x86.ActiveCfg = Debug|Any CPU
		{686ACE95-902A-464B-B3CA-64D6543B2065}.Debug|x86.Build.0 = Debug|Any CPU
		{686ACE95-902A-464B-B3CA-64D6543B2065}.Release|Any CPU.ActiveCfg = Release|Any CPU
		{686ACE95-902A-464B-B3CA-64D6543B2065}.Release|Any CPU.Build.0 = Release|Any CPU
		{686ACE95-902A-464B-B3CA-64D6543B2065}.Release|x64.ActiveCfg = Release|Any CPU
		{686ACE95-902A-464B-B3CA-64D6543B2065}.Release|x64.Build.0 = Release|Any CPU
		{686ACE95-902A-464B-B3CA-64D6543B2065}.Release|x86.ActiveCfg = Release|Any CPU
		{686ACE95-902A-464B-B3CA-64D6543B2065}.Release|x86.Build.0 = Release|Any CPU
		{17C5F101-8787-4520-98A3-B4BC46AF2EAD}.Debug|Any CPU.ActiveCfg = Debug|Any CPU
		{17C5F101-8787-4520-98A3-B4BC46AF2EAD}.Debug|Any CPU.Build.0 = Debug|Any CPU
		{17C5F101-8787-4520-98A3-B4BC46AF2EAD}.Debug|x64.ActiveCfg = Debug|Any CPU
		{17C5F101-8787-4520-98A3-B4BC46AF2EAD}.Debug|x64.Build.0 = Debug|Any CPU
		{17C5F101-8787-4520-98A3-B4BC46AF2EAD}.Debug|x86.ActiveCfg = Debug|Any CPU
		{17C5F101-8787-4520-98A3-B4BC46AF2EAD}.Debug|x86.Build.0 = Debug|Any CPU
		{17C5F101-8787-4520-98A3-B4BC46AF2EAD}.Release|Any CPU.ActiveCfg = Release|Any CPU
		{17C5F101-8787-4520-98A3-B4BC46AF2EAD}.Release|Any CPU.Build.0 = Release|Any CPU
		{17C5F101-8787-4520-98A3-B4BC46AF2EAD}.Release|x64.ActiveCfg = Release|Any CPU
		{17C5F101-8787-4520-98A3-B4BC46AF2EAD}.Release|x64.Build.0 = Release|Any CPU
		{17C5F101-8787-4520-98A3-B4BC46AF2EAD}.Release|x86.ActiveCfg = Release|Any CPU
		{17C5F101-8787-4520-98A3-B4BC46AF2EAD}.Release|x86.Build.0 = Release|Any CPU
		{B44B91B7-B669-4397-9798-BC5BFDBA6117}.Debug|Any CPU.ActiveCfg = Debug|Any CPU
		{B44B91B7-B669-4397-9798-BC5BFDBA6117}.Debug|Any CPU.Build.0 = Debug|Any CPU
		{B44B91B7-B669-4397-9798-BC5BFDBA6117}.Debug|x64.ActiveCfg = Debug|Any CPU
		{B44B91B7-B669-4397-9798-BC5BFDBA6117}.Debug|x64.Build.0 = Debug|Any CPU
		{B44B91B7-B669-4397-9798-BC5BFDBA6117}.Debug|x86.ActiveCfg = Debug|Any CPU
		{B44B91B7-B669-4397-9798-BC5BFDBA6117}.Debug|x86.Build.0 = Debug|Any CPU
		{B44B91B7-B669-4397-9798-BC5BFDBA6117}.Release|Any CPU.ActiveCfg = Release|Any CPU
		{B44B91B7-B669-4397-9798-BC5BFDBA6117}.Release|Any CPU.Build.0 = Release|Any CPU
		{B44B91B7-B669-4397-9798-BC5BFDBA6117}.Release|x64.ActiveCfg = Release|Any CPU
		{B44B91B7-B669-4397-9798-BC5BFDBA6117}.Release|x64.Build.0 = Release|Any CPU
		{B44B91B7-B669-4397-9798-BC5BFDBA6117}.Release|x86.ActiveCfg = Release|Any CPU
		{B44B91B7-B669-4397-9798-BC5BFDBA6117}.Release|x86.Build.0 = Release|Any CPU
		{B6ED70A9-4D3F-41C5-A6AC-E86C54ECC68C}.Debug|Any CPU.ActiveCfg = Debug|Any CPU
		{B6ED70A9-4D3F-41C5-A6AC-E86C54ECC68C}.Debug|Any CPU.Build.0 = Debug|Any CPU
		{B6ED70A9-4D3F-41C5-A6AC-E86C54ECC68C}.Debug|x64.ActiveCfg = Debug|Any CPU
		{B6ED70A9-4D3F-41C5-A6AC-E86C54ECC68C}.Debug|x64.Build.0 = Debug|Any CPU
		{B6ED70A9-4D3F-41C5-A6AC-E86C54ECC68C}.Debug|x86.ActiveCfg = Debug|Any CPU
		{B6ED70A9-4D3F-41C5-A6AC-E86C54ECC68C}.Debug|x86.Build.0 = Debug|Any CPU
		{B6ED70A9-4D3F-41C5-A6AC-E86C54ECC68C}.Release|Any CPU.ActiveCfg = Release|Any CPU
		{B6ED70A9-4D3F-41C5-A6AC-E86C54ECC68C}.Release|Any CPU.Build.0 = Release|Any CPU
		{B6ED70A9-4D3F-41C5-A6AC-E86C54ECC68C}.Release|x64.ActiveCfg = Release|Any CPU
		{B6ED70A9-4D3F-41C5-A6AC-E86C54ECC68C}.Release|x64.Build.0 = Release|Any CPU
		{B6ED70A9-4D3F-41C5-A6AC-E86C54ECC68C}.Release|x86.ActiveCfg = Release|Any CPU
		{B6ED70A9-4D3F-41C5-A6AC-E86C54ECC68C}.Release|x86.Build.0 = Release|Any CPU
		{D1D224AB-A5D2-4311-B1FD-AB3333E24CC2}.Debug|Any CPU.ActiveCfg = Debug|Any CPU
		{D1D224AB-A5D2-4311-B1FD-AB3333E24CC2}.Debug|Any CPU.Build.0 = Debug|Any CPU
		{D1D224AB-A5D2-4311-B1FD-AB3333E24CC2}.Debug|x64.ActiveCfg = Debug|Any CPU
		{D1D224AB-A5D2-4311-B1FD-AB3333E24CC2}.Debug|x64.Build.0 = Debug|Any CPU
		{D1D224AB-A5D2-4311-B1FD-AB3333E24CC2}.Debug|x86.ActiveCfg = Debug|Any CPU
		{D1D224AB-A5D2-4311-B1FD-AB3333E24CC2}.Debug|x86.Build.0 = Debug|Any CPU
		{D1D224AB-A5D2-4311-B1FD-AB3333E24CC2}.Release|Any CPU.ActiveCfg = Release|Any CPU
		{D1D224AB-A5D2-4311-B1FD-AB3333E24CC2}.Release|Any CPU.Build.0 = Release|Any CPU
		{D1D224AB-A5D2-4311-B1FD-AB3333E24CC2}.Release|x64.ActiveCfg = Release|Any CPU
		{D1D224AB-A5D2-4311-B1FD-AB3333E24CC2}.Release|x64.Build.0 = Release|Any CPU
		{D1D224AB-A5D2-4311-B1FD-AB3333E24CC2}.Release|x86.ActiveCfg = Release|Any CPU
		{D1D224AB-A5D2-4311-B1FD-AB3333E24CC2}.Release|x86.Build.0 = Release|Any CPU
		{7638742D-2A23-4754-9625-A07913E9D670}.Debug|Any CPU.ActiveCfg = Debug|Any CPU
		{7638742D-2A23-4754-9625-A07913E9D670}.Debug|Any CPU.Build.0 = Debug|Any CPU
		{7638742D-2A23-4754-9625-A07913E9D670}.Debug|x64.ActiveCfg = Debug|Any CPU
		{7638742D-2A23-4754-9625-A07913E9D670}.Debug|x64.Build.0 = Debug|Any CPU
		{7638742D-2A23-4754-9625-A07913E9D670}.Debug|x86.ActiveCfg = Debug|Any CPU
		{7638742D-2A23-4754-9625-A07913E9D670}.Debug|x86.Build.0 = Debug|Any CPU
		{7638742D-2A23-4754-9625-A07913E9D670}.Release|Any CPU.ActiveCfg = Release|Any CPU
		{7638742D-2A23-4754-9625-A07913E9D670}.Release|Any CPU.Build.0 = Release|Any CPU
		{7638742D-2A23-4754-9625-A07913E9D670}.Release|x64.ActiveCfg = Release|Any CPU
		{7638742D-2A23-4754-9625-A07913E9D670}.Release|x64.Build.0 = Release|Any CPU
		{7638742D-2A23-4754-9625-A07913E9D670}.Release|x86.ActiveCfg = Release|Any CPU
		{7638742D-2A23-4754-9625-A07913E9D670}.Release|x86.Build.0 = Release|Any CPU
		{64AF8187-3BC6-47DC-9FBD-FB48FD760D2A}.Debug|Any CPU.ActiveCfg = Debug|Any CPU
		{64AF8187-3BC6-47DC-9FBD-FB48FD760D2A}.Debug|Any CPU.Build.0 = Debug|Any CPU
		{64AF8187-3BC6-47DC-9FBD-FB48FD760D2A}.Debug|x64.ActiveCfg = Debug|Any CPU
		{64AF8187-3BC6-47DC-9FBD-FB48FD760D2A}.Debug|x64.Build.0 = Debug|Any CPU
		{64AF8187-3BC6-47DC-9FBD-FB48FD760D2A}.Debug|x86.ActiveCfg = Debug|Any CPU
		{64AF8187-3BC6-47DC-9FBD-FB48FD760D2A}.Debug|x86.Build.0 = Debug|Any CPU
		{64AF8187-3BC6-47DC-9FBD-FB48FD760D2A}.Release|Any CPU.ActiveCfg = Release|Any CPU
		{64AF8187-3BC6-47DC-9FBD-FB48FD760D2A}.Release|Any CPU.Build.0 = Release|Any CPU
		{64AF8187-3BC6-47DC-9FBD-FB48FD760D2A}.Release|x64.ActiveCfg = Release|Any CPU
		{64AF8187-3BC6-47DC-9FBD-FB48FD760D2A}.Release|x64.Build.0 = Release|Any CPU
		{64AF8187-3BC6-47DC-9FBD-FB48FD760D2A}.Release|x86.ActiveCfg = Release|Any CPU
		{64AF8187-3BC6-47DC-9FBD-FB48FD760D2A}.Release|x86.Build.0 = Release|Any CPU
		{BAB26A14-907E-434E-A845-D7BF6C7A1874}.Debug|Any CPU.ActiveCfg = Debug|Any CPU
		{BAB26A14-907E-434E-A845-D7BF6C7A1874}.Debug|Any CPU.Build.0 = Debug|Any CPU
		{BAB26A14-907E-434E-A845-D7BF6C7A1874}.Debug|x64.ActiveCfg = Debug|Any CPU
		{BAB26A14-907E-434E-A845-D7BF6C7A1874}.Debug|x64.Build.0 = Debug|Any CPU
		{BAB26A14-907E-434E-A845-D7BF6C7A1874}.Debug|x86.ActiveCfg = Debug|Any CPU
		{BAB26A14-907E-434E-A845-D7BF6C7A1874}.Debug|x86.Build.0 = Debug|Any CPU
		{BAB26A14-907E-434E-A845-D7BF6C7A1874}.Release|Any CPU.ActiveCfg = Release|Any CPU
		{BAB26A14-907E-434E-A845-D7BF6C7A1874}.Release|Any CPU.Build.0 = Release|Any CPU
		{BAB26A14-907E-434E-A845-D7BF6C7A1874}.Release|x64.ActiveCfg = Release|Any CPU
		{BAB26A14-907E-434E-A845-D7BF6C7A1874}.Release|x64.Build.0 = Release|Any CPU
		{BAB26A14-907E-434E-A845-D7BF6C7A1874}.Release|x86.ActiveCfg = Release|Any CPU
		{BAB26A14-907E-434E-A845-D7BF6C7A1874}.Release|x86.Build.0 = Release|Any CPU
		{52F18630-9FD9-4B29-B96C-6A48673F64B6}.Debug|Any CPU.ActiveCfg = Debug|Any CPU
		{52F18630-9FD9-4B29-B96C-6A48673F64B6}.Debug|Any CPU.Build.0 = Debug|Any CPU
		{52F18630-9FD9-4B29-B96C-6A48673F64B6}.Debug|x64.ActiveCfg = Debug|Any CPU
		{52F18630-9FD9-4B29-B96C-6A48673F64B6}.Debug|x64.Build.0 = Debug|Any CPU
		{52F18630-9FD9-4B29-B96C-6A48673F64B6}.Debug|x86.ActiveCfg = Debug|Any CPU
		{52F18630-9FD9-4B29-B96C-6A48673F64B6}.Debug|x86.Build.0 = Debug|Any CPU
		{52F18630-9FD9-4B29-B96C-6A48673F64B6}.Release|Any CPU.ActiveCfg = Release|Any CPU
		{52F18630-9FD9-4B29-B96C-6A48673F64B6}.Release|Any CPU.Build.0 = Release|Any CPU
		{52F18630-9FD9-4B29-B96C-6A48673F64B6}.Release|x64.ActiveCfg = Release|Any CPU
		{52F18630-9FD9-4B29-B96C-6A48673F64B6}.Release|x64.Build.0 = Release|Any CPU
		{52F18630-9FD9-4B29-B96C-6A48673F64B6}.Release|x86.ActiveCfg = Release|Any CPU
		{52F18630-9FD9-4B29-B96C-6A48673F64B6}.Release|x86.Build.0 = Release|Any CPU
		{AD8DC6E7-5C47-4FD1-BEE2-3562C410EF8D}.Debug|Any CPU.ActiveCfg = Debug|Any CPU
		{AD8DC6E7-5C47-4FD1-BEE2-3562C410EF8D}.Debug|Any CPU.Build.0 = Debug|Any CPU
		{AD8DC6E7-5C47-4FD1-BEE2-3562C410EF8D}.Debug|x64.ActiveCfg = Debug|Any CPU
		{AD8DC6E7-5C47-4FD1-BEE2-3562C410EF8D}.Debug|x64.Build.0 = Debug|Any CPU
		{AD8DC6E7-5C47-4FD1-BEE2-3562C410EF8D}.Debug|x86.ActiveCfg = Debug|Any CPU
		{AD8DC6E7-5C47-4FD1-BEE2-3562C410EF8D}.Debug|x86.Build.0 = Debug|Any CPU
		{AD8DC6E7-5C47-4FD1-BEE2-3562C410EF8D}.Release|Any CPU.ActiveCfg = Release|Any CPU
		{AD8DC6E7-5C47-4FD1-BEE2-3562C410EF8D}.Release|Any CPU.Build.0 = Release|Any CPU
		{AD8DC6E7-5C47-4FD1-BEE2-3562C410EF8D}.Release|x64.ActiveCfg = Release|Any CPU
		{AD8DC6E7-5C47-4FD1-BEE2-3562C410EF8D}.Release|x64.Build.0 = Release|Any CPU
		{AD8DC6E7-5C47-4FD1-BEE2-3562C410EF8D}.Release|x86.ActiveCfg = Release|Any CPU
		{AD8DC6E7-5C47-4FD1-BEE2-3562C410EF8D}.Release|x86.Build.0 = Release|Any CPU
		{F8DB9035-4B9C-40F0-8106-8F54AE4676D5}.Debug|Any CPU.ActiveCfg = Debug|Any CPU
		{F8DB9035-4B9C-40F0-8106-8F54AE4676D5}.Debug|Any CPU.Build.0 = Debug|Any CPU
		{F8DB9035-4B9C-40F0-8106-8F54AE4676D5}.Debug|x64.ActiveCfg = Debug|Any CPU
		{F8DB9035-4B9C-40F0-8106-8F54AE4676D5}.Debug|x64.Build.0 = Debug|Any CPU
		{F8DB9035-4B9C-40F0-8106-8F54AE4676D5}.Debug|x86.ActiveCfg = Debug|Any CPU
		{F8DB9035-4B9C-40F0-8106-8F54AE4676D5}.Debug|x86.Build.0 = Debug|Any CPU
		{F8DB9035-4B9C-40F0-8106-8F54AE4676D5}.Release|Any CPU.ActiveCfg = Release|Any CPU
		{F8DB9035-4B9C-40F0-8106-8F54AE4676D5}.Release|Any CPU.Build.0 = Release|Any CPU
		{F8DB9035-4B9C-40F0-8106-8F54AE4676D5}.Release|x64.ActiveCfg = Release|Any CPU
		{F8DB9035-4B9C-40F0-8106-8F54AE4676D5}.Release|x64.Build.0 = Release|Any CPU
		{F8DB9035-4B9C-40F0-8106-8F54AE4676D5}.Release|x86.ActiveCfg = Release|Any CPU
		{F8DB9035-4B9C-40F0-8106-8F54AE4676D5}.Release|x86.Build.0 = Release|Any CPU
		{0346447D-99C5-419F-B6F1-E743DBB0C709}.Debug|Any CPU.ActiveCfg = Debug|Any CPU
		{0346447D-99C5-419F-B6F1-E743DBB0C709}.Debug|Any CPU.Build.0 = Debug|Any CPU
		{0346447D-99C5-419F-B6F1-E743DBB0C709}.Debug|x64.ActiveCfg = Debug|Any CPU
		{0346447D-99C5-419F-B6F1-E743DBB0C709}.Debug|x64.Build.0 = Debug|Any CPU
		{0346447D-99C5-419F-B6F1-E743DBB0C709}.Debug|x86.ActiveCfg = Debug|Any CPU
		{0346447D-99C5-419F-B6F1-E743DBB0C709}.Debug|x86.Build.0 = Debug|Any CPU
		{0346447D-99C5-419F-B6F1-E743DBB0C709}.Release|Any CPU.ActiveCfg = Release|Any CPU
		{0346447D-99C5-419F-B6F1-E743DBB0C709}.Release|Any CPU.Build.0 = Release|Any CPU
		{0346447D-99C5-419F-B6F1-E743DBB0C709}.Release|x64.ActiveCfg = Release|Any CPU
		{0346447D-99C5-419F-B6F1-E743DBB0C709}.Release|x64.Build.0 = Release|Any CPU
		{0346447D-99C5-419F-B6F1-E743DBB0C709}.Release|x86.ActiveCfg = Release|Any CPU
		{0346447D-99C5-419F-B6F1-E743DBB0C709}.Release|x86.Build.0 = Release|Any CPU
		{E7623543-9F30-431E-A8D4-5AFC2F3B68BA}.Debug|Any CPU.ActiveCfg = Debug|Any CPU
		{E7623543-9F30-431E-A8D4-5AFC2F3B68BA}.Debug|Any CPU.Build.0 = Debug|Any CPU
		{E7623543-9F30-431E-A8D4-5AFC2F3B68BA}.Debug|x64.ActiveCfg = Debug|Any CPU
		{E7623543-9F30-431E-A8D4-5AFC2F3B68BA}.Debug|x64.Build.0 = Debug|Any CPU
		{E7623543-9F30-431E-A8D4-5AFC2F3B68BA}.Debug|x86.ActiveCfg = Debug|Any CPU
		{E7623543-9F30-431E-A8D4-5AFC2F3B68BA}.Debug|x86.Build.0 = Debug|Any CPU
		{E7623543-9F30-431E-A8D4-5AFC2F3B68BA}.Release|Any CPU.ActiveCfg = Release|Any CPU
		{E7623543-9F30-431E-A8D4-5AFC2F3B68BA}.Release|Any CPU.Build.0 = Release|Any CPU
		{E7623543-9F30-431E-A8D4-5AFC2F3B68BA}.Release|x64.ActiveCfg = Release|Any CPU
		{E7623543-9F30-431E-A8D4-5AFC2F3B68BA}.Release|x64.Build.0 = Release|Any CPU
		{E7623543-9F30-431E-A8D4-5AFC2F3B68BA}.Release|x86.ActiveCfg = Release|Any CPU
		{E7623543-9F30-431E-A8D4-5AFC2F3B68BA}.Release|x86.Build.0 = Release|Any CPU
		{558C04C5-965D-474C-AA05-4BA0A72528A0}.Debug|Any CPU.ActiveCfg = Debug|Any CPU
		{558C04C5-965D-474C-AA05-4BA0A72528A0}.Debug|Any CPU.Build.0 = Debug|Any CPU
		{558C04C5-965D-474C-AA05-4BA0A72528A0}.Debug|x64.ActiveCfg = Debug|Any CPU
		{558C04C5-965D-474C-AA05-4BA0A72528A0}.Debug|x64.Build.0 = Debug|Any CPU
		{558C04C5-965D-474C-AA05-4BA0A72528A0}.Debug|x86.ActiveCfg = Debug|Any CPU
		{558C04C5-965D-474C-AA05-4BA0A72528A0}.Debug|x86.Build.0 = Debug|Any CPU
		{558C04C5-965D-474C-AA05-4BA0A72528A0}.Release|Any CPU.ActiveCfg = Release|Any CPU
		{558C04C5-965D-474C-AA05-4BA0A72528A0}.Release|Any CPU.Build.0 = Release|Any CPU
		{558C04C5-965D-474C-AA05-4BA0A72528A0}.Release|x64.ActiveCfg = Release|Any CPU
		{558C04C5-965D-474C-AA05-4BA0A72528A0}.Release|x64.Build.0 = Release|Any CPU
		{558C04C5-965D-474C-AA05-4BA0A72528A0}.Release|x86.ActiveCfg = Release|Any CPU
		{558C04C5-965D-474C-AA05-4BA0A72528A0}.Release|x86.Build.0 = Release|Any CPU
		{1A4F495A-B9A2-4280-AE20-8DB683B80EB9}.Debug|Any CPU.ActiveCfg = Debug|Any CPU
		{1A4F495A-B9A2-4280-AE20-8DB683B80EB9}.Debug|Any CPU.Build.0 = Debug|Any CPU
		{1A4F495A-B9A2-4280-AE20-8DB683B80EB9}.Debug|x64.ActiveCfg = Debug|Any CPU
		{1A4F495A-B9A2-4280-AE20-8DB683B80EB9}.Debug|x64.Build.0 = Debug|Any CPU
		{1A4F495A-B9A2-4280-AE20-8DB683B80EB9}.Debug|x86.ActiveCfg = Debug|Any CPU
		{1A4F495A-B9A2-4280-AE20-8DB683B80EB9}.Debug|x86.Build.0 = Debug|Any CPU
		{1A4F495A-B9A2-4280-AE20-8DB683B80EB9}.Release|Any CPU.ActiveCfg = Release|Any CPU
		{1A4F495A-B9A2-4280-AE20-8DB683B80EB9}.Release|Any CPU.Build.0 = Release|Any CPU
		{1A4F495A-B9A2-4280-AE20-8DB683B80EB9}.Release|x64.ActiveCfg = Release|Any CPU
		{1A4F495A-B9A2-4280-AE20-8DB683B80EB9}.Release|x64.Build.0 = Release|Any CPU
		{1A4F495A-B9A2-4280-AE20-8DB683B80EB9}.Release|x86.ActiveCfg = Release|Any CPU
		{1A4F495A-B9A2-4280-AE20-8DB683B80EB9}.Release|x86.Build.0 = Release|Any CPU
		{98036666-DE07-4566-AD7C-D970EBFBFB7E}.Debug|Any CPU.ActiveCfg = Debug|Any CPU
		{98036666-DE07-4566-AD7C-D970EBFBFB7E}.Debug|Any CPU.Build.0 = Debug|Any CPU
		{98036666-DE07-4566-AD7C-D970EBFBFB7E}.Debug|x64.ActiveCfg = Debug|Any CPU
		{98036666-DE07-4566-AD7C-D970EBFBFB7E}.Debug|x64.Build.0 = Debug|Any CPU
		{98036666-DE07-4566-AD7C-D970EBFBFB7E}.Debug|x86.ActiveCfg = Debug|Any CPU
		{98036666-DE07-4566-AD7C-D970EBFBFB7E}.Debug|x86.Build.0 = Debug|Any CPU
		{98036666-DE07-4566-AD7C-D970EBFBFB7E}.Release|Any CPU.ActiveCfg = Release|Any CPU
		{98036666-DE07-4566-AD7C-D970EBFBFB7E}.Release|Any CPU.Build.0 = Release|Any CPU
		{98036666-DE07-4566-AD7C-D970EBFBFB7E}.Release|x64.ActiveCfg = Release|Any CPU
		{98036666-DE07-4566-AD7C-D970EBFBFB7E}.Release|x64.Build.0 = Release|Any CPU
		{98036666-DE07-4566-AD7C-D970EBFBFB7E}.Release|x86.ActiveCfg = Release|Any CPU
		{98036666-DE07-4566-AD7C-D970EBFBFB7E}.Release|x86.Build.0 = Release|Any CPU
	EndGlobalSection
	GlobalSection(SolutionProperties) = preSolution
		HideSolutionNode = FALSE
	EndGlobalSection
	GlobalSection(NestedProjects) = preSolution
		{6A4FF09A-CEE6-481F-A208-F24470A9CC91} = {87618C01-3EA1-4642-885D-D2D3588CF78A}
		{94F59759-127E-42F3-B88F-A0540F988D1E} = {C81C24DD-5F21-4DCA-AFA5-813DBE35596B}
		{9B77A96E-26C0-48CD-8E26-9EA2F9306B3E} = {C81C24DD-5F21-4DCA-AFA5-813DBE35596B}
		{BF990908-5533-4E37-8505-907C9F3ED22A} = {C81C24DD-5F21-4DCA-AFA5-813DBE35596B}
		{5738F603-B961-4E50-B187-1C065D5321E8} = {87618C01-3EA1-4642-885D-D2D3588CF78A}
		{4AC443D1-3590-4383-A86D-1A5674F0E242} = {C81C24DD-5F21-4DCA-AFA5-813DBE35596B}
		{686ACE95-902A-464B-B3CA-64D6543B2065} = {87618C01-3EA1-4642-885D-D2D3588CF78A}
		{17C5F101-8787-4520-98A3-B4BC46AF2EAD} = {87618C01-3EA1-4642-885D-D2D3588CF78A}
		{B44B91B7-B669-4397-9798-BC5BFDBA6117} = {C81C24DD-5F21-4DCA-AFA5-813DBE35596B}
		{B6ED70A9-4D3F-41C5-A6AC-E86C54ECC68C} = {87618C01-3EA1-4642-885D-D2D3588CF78A}
		{D1D224AB-A5D2-4311-B1FD-AB3333E24CC2} = {87618C01-3EA1-4642-885D-D2D3588CF78A}
		{7638742D-2A23-4754-9625-A07913E9D670} = {87618C01-3EA1-4642-885D-D2D3588CF78A}
		{64AF8187-3BC6-47DC-9FBD-FB48FD760D2A} = {87618C01-3EA1-4642-885D-D2D3588CF78A}
		{BAB26A14-907E-434E-A845-D7BF6C7A1874} = {4F4C7E64-520A-40BD-BA0A-D8FD92874046}
		{52F18630-9FD9-4B29-B96C-6A48673F64B6} = {C81C24DD-5F21-4DCA-AFA5-813DBE35596B}
		{AD8DC6E7-5C47-4FD1-BEE2-3562C410EF8D} = {C81C24DD-5F21-4DCA-AFA5-813DBE35596B}
		{F8DB9035-4B9C-40F0-8106-8F54AE4676D5} = {87618C01-3EA1-4642-885D-D2D3588CF78A}
		{0346447D-99C5-419F-B6F1-E743DBB0C709} = {C81C24DD-5F21-4DCA-AFA5-813DBE35596B}
		{E7623543-9F30-431E-A8D4-5AFC2F3B68BA} = {C81C24DD-5F21-4DCA-AFA5-813DBE35596B}
		{558C04C5-965D-474C-AA05-4BA0A72528A0} = {87618C01-3EA1-4642-885D-D2D3588CF78A}
		{1A4F495A-B9A2-4280-AE20-8DB683B80EB9} = {87618C01-3EA1-4642-885D-D2D3588CF78A}
		{98036666-DE07-4566-AD7C-D970EBFBFB7E} = {87618C01-3EA1-4642-885D-D2D3588CF78A}
	EndGlobalSection
	GlobalSection(ExtensibilityGlobals) = postSolution
		SolutionGuid = {902228B5-B17F-4543-8D25-217A6DFDE1AE}
	EndGlobalSection
EndGlobal
