{
  "version": 1,
  "dependencies": {
    "net7.0": {
      "dnlib": {
        "type": "Transitive",
        "resolved": "3.6.0",
        "contentHash": "kFegKA+GR8a2mEzYH02TueIF1nNQ5lULAd9hgNwt6VBY2qNNZDYSwr63tMpKN0Lg+goDaZnaZczmP0/pDz2gaA==",
        "dependencies": {
          "System.Reflection.Emit": "4.7.0",
          "System.Reflection.Emit.Lightweight": "4.7.0"
        }
      },
      "QuikGraph": {
        "type": "Transitive",
        "resolved": "2.5.0",
        "contentHash": "sG+mrPpXwxlXknRK5VqWUGiOmDACa9X+3ftlkQIMgOZUqxVOQSe0+HIU9PTjwqazy0pqSf8MPDXYFGl0GYWcKw=="
      },
      "System.Reflection.Emit": {
        "type": "Transitive",
        "resolved": "4.7.0",
        "contentHash": "VR4kk8XLKebQ4MZuKuIni/7oh+QGFmZW3qORd1GvBq/8026OpW501SzT/oypwiQl4TvT8ErnReh/NzY9u+C6wQ=="
      },
      "System.Reflection.Emit.Lightweight": {
        "type": "Transitive",
        "resolved": "4.7.0",
        "contentHash": "a4OLB4IITxAXJeV74MDx49Oq2+PsF6Sml54XAFv+2RyWwtDBcabzoxiiJRhdhx+gaohLh4hEGCLQyBozXoQPqA=="
      },
      "dnwalker.configuration": {
        "type": "Project"
      },
      "dnwalker.explorations": {
        "type": "Project",
        "dependencies": {
          "dnWalker.Symbolic": "[1.0.0, )",
          "dnWalker.TypeSystem": "[1.0.0, )"
        }
      },
      "dnwalker.symbolic": {
        "type": "Project",
        "dependencies": {
          "QuikGraph": "[2.5.0, )",
          "dnWalker.TypeSystem": "[1.0.0, )",
          "dnlib": "[3.6.0, )"
        }
      },
      "dnwalker.testwriter": {
        "type": "Project",
        "dependencies": {
          "dnWalker.Configuration": "[1.0.0, )",
          "dnWalker.Explorations": "[1.0.0, )",
          "dnWalker.Symbolic": "[1.0.0, )"
        }
      },
      "dnwalker.typesystem": {
        "type": "Project",
        "dependencies": {
          "dnlib": "[3.6.0, )"
        }
      }
    }
  }
}